
Microsoft Visual Studio Solution File, Format Version 12.00
# Visual Studio Version 17
VisualStudioVersion = 17.1.31911.260
MinimumVisualStudioVersion = 10.0.40219.1
Project("{2150E333-8FDC-42A3-9474-1A3956D46DE8}") = "src", "src", "{420B8450-0A31-431D-90B0-A5C9C7B314C9}"
EndProject
Project("{2150E333-8FDC-42A3-9474-1A3956D46DE8}") = "test", "test", "{EBEF4582-3E32-4FBA-92CA-335DD47C2B4B}"
EndProject
Project("{9A19103F-16F7-4668-BE54-9A1E7A4F7556}") = "CountryData.UnitTests", "test\CountryData.UnitTests\CountryData.UnitTests.csproj", "{BFFCBBCD-4DD4-4EBE-8282-A4694E6A0ECA}"
EndProject
Project("{2150E333-8FDC-42A3-9474-1A3956D46DE8}") = "Solution Items", "Solution Items", "{B26DCACD-70E4-4B96-B583-FB0F1B0698F5}"
	ProjectSection(SolutionItems) = preProject
		.gitignore = .gitignore
		azure-pipelines.yml = azure-pipelines.yml
		data.csv = data.csv
		README.md = README.md
	EndProjectSection
EndProject
Project("{9A19103F-16F7-4668-BE54-9A1E7A4F7556}") = "CountryData.Standard", "src\CountryData.Standard\CountryData.Standard.csproj", "{A450767F-7970-4A30-834E-3E086B87D925}"
EndProject
Project("{2150E333-8FDC-42A3-9474-1A3956D46DE8}") = "sample", "sample", "{BBA69DE8-BE26-498E-9A62-131EB2494972}"
EndProject
Project("{9A19103F-16F7-4668-BE54-9A1E7A4F7556}") = "CountryData.Sample.Console", "sample\CountryData.Sample.Console\CountryData.Sample.Console.csproj", "{397666FE-700B-446E-B4EC-13ACF0DDDEBE}"
EndProject
Project("{2150E333-8FDC-42A3-9474-1A3956D46DE8}") = "doc", "doc", "{131F8946-7828-4AB1-A0B7-279CD142F7E1}"
	ProjectSection(SolutionItems) = preProject
		READMEDoc.md = READMEDoc.md
	EndProjectSection
EndProject
Project("{2150E333-8FDC-42A3-9474-1A3956D46DE8}") = "Assets", "Assets", "{3803AB02-5C70-4523-AA4E-8BEE9AD6D592}"
EndProject
Project("{9A19103F-16F7-4668-BE54-9A1E7A4F7556}") = "CountryData.Sample.Web.API", "sample\CountryData.Sample.Web.API\CountryData.Sample.Web.API.csproj", "{787E809D-2E54-47F0-A5CB-8C0D383D327E}"
EndProject
Project("{9A19103F-16F7-4668-BE54-9A1E7A4F7556}") = "CountryData.Sample.MAUI", "sample\CountryData.Sample.MAUI\CountryData.Sample.MAUI\CountryData.Sample.MAUI.csproj", "{2EBA3AC1-C3FE-47B0-8606-917BA212E6AB}"
EndProject
Global
	GlobalSection(SolutionConfigurationPlatforms) = preSolution
		Debug|Any CPU = Debug|Any CPU
		Release|Any CPU = Release|Any CPU
	EndGlobalSection
	GlobalSection(ProjectConfigurationPlatforms) = postSolution
		{BFFCBBCD-4DD4-4EBE-8282-A4694E6A0ECA}.Debug|Any CPU.ActiveCfg = Debug|Any CPU
		{BFFCBBCD-4DD4-4EBE-8282-A4694E6A0ECA}.Debug|Any CPU.Build.0 = Debug|Any CPU
		{BFFCBBCD-4DD4-4EBE-8282-A4694E6A0ECA}.Release|Any CPU.ActiveCfg = Release|Any CPU
		{BFFCBBCD-4DD4-4EBE-8282-A4694E6A0ECA}.Release|Any CPU.Build.0 = Release|Any CPU
		{A450767F-7970-4A30-834E-3E086B87D925}.Debug|Any CPU.ActiveCfg = Debug|Any CPU
		{A450767F-7970-4A30-834E-3E086B87D925}.Debug|Any CPU.Build.0 = Debug|Any CPU
		{A450767F-7970-4A30-834E-3E086B87D925}.Release|Any CPU.ActiveCfg = Release|Any CPU
		{A450767F-7970-4A30-834E-3E086B87D925}.Release|Any CPU.Build.0 = Release|Any CPU
		{397666FE-700B-446E-B4EC-13ACF0DDDEBE}.Debug|Any CPU.ActiveCfg = Debug|Any CPU
		{397666FE-700B-446E-B4EC-13ACF0DDDEBE}.Debug|Any CPU.Build.0 = Debug|Any CPU
		{397666FE-700B-446E-B4EC-13ACF0DDDEBE}.Release|Any CPU.ActiveCfg = Release|Any CPU
		{397666FE-700B-446E-B4EC-13ACF0DDDEBE}.Release|Any CPU.Build.0 = Release|Any CPU
		{787E809D-2E54-47F0-A5CB-8C0D383D327E}.Debug|Any CPU.ActiveCfg = Debug|Any CPU
		{787E809D-2E54-47F0-A5CB-8C0D383D327E}.Debug|Any CPU.Build.0 = Debug|Any CPU
		{787E809D-2E54-47F0-A5CB-8C0D383D327E}.Release|Any CPU.ActiveCfg = Release|Any CPU
		{787E809D-2E54-47F0-A5CB-8C0D383D327E}.Release|Any CPU.Build.0 = Release|Any CPU
		{2EBA3AC1-C3FE-47B0-8606-917BA212E6AB}.Debug|Any CPU.ActiveCfg = Debug|Any CPU
		{2EBA3AC1-C3FE-47B0-8606-917BA212E6AB}.Debug|Any CPU.Build.0 = Debug|Any CPU
		{2EBA3AC1-C3FE-47B0-8606-917BA212E6AB}.Debug|Any CPU.Deploy.0 = Debug|Any CPU
		{2EBA3AC1-C3FE-47B0-8606-917BA212E6AB}.Release|Any CPU.ActiveCfg = Release|Any CPU
		{2EBA3AC1-C3FE-47B0-8606-917BA212E6AB}.Release|Any CPU.Build.0 = Release|Any CPU
		{2EBA3AC1-C3FE-47B0-8606-917BA212E6AB}.Release|Any CPU.Deploy.0 = Release|Any CPU
	EndGlobalSection
	GlobalSection(SolutionProperties) = preSolution
		HideSolutionNode = FALSE
	EndGlobalSection
	GlobalSection(NestedProjects) = preSolution
		{BFFCBBCD-4DD4-4EBE-8282-A4694E6A0ECA} = {EBEF4582-3E32-4FBA-92CA-335DD47C2B4B}
		{A450767F-7970-4A30-834E-3E086B87D925} = {420B8450-0A31-431D-90B0-A5C9C7B314C9}
		{397666FE-700B-446E-B4EC-13ACF0DDDEBE} = {BBA69DE8-BE26-498E-9A62-131EB2494972}
		{787E809D-2E54-47F0-A5CB-8C0D383D327E} = {BBA69DE8-BE26-498E-9A62-131EB2494972}
		{2EBA3AC1-C3FE-47B0-8606-917BA212E6AB} = {BBA69DE8-BE26-498E-9A62-131EB2494972}
	EndGlobalSection
	GlobalSection(ExtensibilityGlobals) = postSolution
		SolutionGuid = {CD61C5EF-9299-42A8-81E2-D96FAF1BC81D}
	EndGlobalSection
EndGlobal
