
Microsoft Visual Studio Solution File, Format Version 12.00
# Visual Studio Version 17
VisualStudioVersion = 17.10.34928.147
MinimumVisualStudioVersion = 10.0.40219.1
Project("{2150E333-8FDC-42A3-9474-1A3956D46DE8}") = "src", "src", "{732FA53D-3A6C-4B95-B6EA-A5ED53A1CB0B}"
EndProject
Project("{FAE04EC0-301F-11D3-BF4B-00C04F79EFBC}") = "CountryDataDropdown.Component", "src\CountryDataDropdown\CountryDataDropdown.Component.csproj", "{E40FFF96-4B7F-438F-8025-1D0414D7CFA4}"
EndProject
Project("{2150E333-8FDC-42A3-9474-1A3956D46DE8}") = "Sample", "Sample", "{9C326F13-83BD-4574-A4B2-FD2A769AC300}"
EndProject
Project("{FAE04EC0-301F-11D3-BF4B-00C04F79EFBC}") = "CountryDataDropdown.Blazor.Sample", "Sample\CountryDataDropdown.Blazor.Sample\CountryDataDropdown.Blazor.Sample.csproj", "{50196A46-D05C-44E1-A573-776AE04F9C76}"
EndProject
Global
	GlobalSection(SolutionConfigurationPlatforms) = preSolution
		Debug|Any CPU = Debug|Any CPU
		Release|Any CPU = Release|Any CPU
	EndGlobalSection
	GlobalSection(ProjectConfigurationPlatforms) = postSolution
		{E40FFF96-4B7F-438F-8025-1D0414D7CFA4}.Debug|Any CPU.ActiveCfg = Debug|Any CPU
		{E40FFF96-4B7F-438F-8025-1D0414D7CFA4}.Debug|Any CPU.Build.0 = Debug|Any CPU
		{E40FFF96-4B7F-438F-8025-1D0414D7CFA4}.Release|Any CPU.ActiveCfg = Release|Any CPU
		{E40FFF96-4B7F-438F-8025-1D0414D7CFA4}.Release|Any CPU.Build.0 = Release|Any CPU
		{50196A46-D05C-44E1-A573-776AE04F9C76}.Debug|Any CPU.ActiveCfg = Debug|Any CPU
		{50196A46-D05C-44E1-A573-776AE04F9C76}.Debug|Any CPU.Build.0 = Debug|Any CPU
		{50196A46-D05C-44E1-A573-776AE04F9C76}.Release|Any CPU.ActiveCfg = Release|Any CPU
		{50196A46-D05C-44E1-A573-776AE04F9C76}.Release|Any CPU.Build.0 = Release|Any CPU
	EndGlobalSection
	GlobalSection(SolutionProperties) = preSolution
		HideSolutionNode = FALSE
	EndGlobalSection
	GlobalSection(NestedProjects) = preSolution
		{E40FFF96-4B7F-438F-8025-1D0414D7CFA4} = {732FA53D-3A6C-4B95-B6EA-A5ED53A1CB0B}
		{50196A46-D05C-44E1-A573-776AE04F9C76} = {9C326F13-83BD-4574-A4B2-FD2A769AC300}
	EndGlobalSection
	GlobalSection(ExtensibilityGlobals) = postSolution
		SolutionGuid = {2F922734-090E-4972-95B0-91A08A069C86}
	EndGlobalSection
EndGlobal
